PODS:
  - Kingfisher (5.0.0)
  - SkeletonView (1.4.1)
  - SwiftyXMLParser (4.3.0)

DEPENDENCIES:
  - Kingfisher (~> 5.0)
  - SkeletonView
  - SwiftyXMLParser (from `https://github.com/yahoojapan/SwiftyXMLParser.git`)

SPEC REPOS:
  https://github.com/cocoapods/specs.git:
    - Kingfisher
    - SkeletonView

EXTERNAL SOURCES:
  SwiftyXMLParser:
    :git: https://github.com/yahoojapan/SwiftyXMLParser.git

CHECKOUT OPTIONS:
  SwiftyXMLParser:
    :commit: 9c97f83e5f5b1fc0129f77be090052ae46775bd2
    :git: https://github.com/yahoojapan/SwiftyXMLParser.git

SPEC CHECKSUMS:
  Kingfisher: 2b0dd651e4fe5a07305b8242fde56f8e2d410f58
  SkeletonView: 60d6ce7edb0cb4c7758db33c74add50392b3c475
  SwiftyXMLParser: b2e0b0dd0e0fb1ac39869dd4a0c6181847af2945

PODFILE CHECKSUM: 70dca10aaa5fb155a41a776b64577d8a33d5bdb6

COCOAPODS: 1.5.3
